lockfileVersion: '9.0'

settings:
  autoInstallPeers: true
  excludeLinksFromLockfile: false

importers:

  .:
    dependencies:
      '@goblin/shared':
        specifier: workspace:*
        version: link:../../packages/shared
      react:
        specifier: 19.0.0
        version: 19.0.0
      react-dom:
        specifier: 19.0.0
        version: 19.0.0(react@19.0.0)
      sonner:
        specifier: ^1.7.4
        version: 1.7.4(react-dom@19.0.0(react@19.0.0))(react@19.0.0)

packages:

  react-dom@19.0.0:
    resolution: {integrity: sha512-4GV5sHFG0e/0AD4X+ySy6UJd3jVl1iNsNHdpad0qhABJ11twS3TTBnseqsKurKcsNqCEFeGL3uLpVChpIO3QfQ==}
    peerDependencies:
      react: ^19.0.0

  react@19.0.0:
    resolution: {integrity: sha512-V8AVnmPIICiWpGfm6GLzCR/W5FXLchHop40W4nXBmdlEceh16rCN8O8LNWm5bh5XUX91fh7KpA+W0TgMKmgTpQ==}
    engines: {node: '>=0.10.0'}

  scheduler@0.25.0:
    resolution: {integrity: sha512-xFVuu11jh+xcO7JOAGJNOXld8/TcEHK/4CituBUeUb5hqxJLj9YuemAEuvm9gQ/+pgXYfbQuqAkiYu+u7YEsNA==}

  sonner@1.7.4:
    resolution: {integrity: sha512-DIS8z4PfJRbIyfVFDVnK9rO3eYDtse4Omcm6bt0oEr5/jtLgysmjuBl1frJ9E/EQZrFmKx2A8m/s5s9CRXIzhw==}
    peerDependencies:
      react: ^18.0.0 || ^19.0.0 || ^19.0.0-rc
      react-dom: ^18.0.0 || ^19.0.0 || ^19.0.0-rc

snapshots:

  react-dom@19.0.0(react@19.0.0):
    dependencies:
      react: 19.0.0
      scheduler: 0.25.0

  react@19.0.0: {}

  scheduler@0.25.0: {}

  sonner@1.7.4(react-dom@19.0.0(react@19.0.0))(react@19.0.0):
    dependencies:
      react: 19.0.0
      react-dom: 19.0.0(react@19.0.0)
